
Microsoft Visual Studio Solution File, Format Version 12.00
# Visual Studio Version 17
VisualStudioVersion = 17.12.35527.113 d17.12
MinimumVisualStudioVersion = 10.0.40219.1
Project("{9A19103F-16F7-4668-BE54-9A1E7A4F7556}") = "Equinor.ProCoSys.Config", "Equinor.ProCoSys.Config.csproj", "{76FC7C60-9933-4BD2-90C0-6C2BF8D78F48}"
EndProject
Global
	GlobalSection(SolutionConfigurationPlatforms) = preSolution
		Debug|Any CPU = Debug|Any CPU
		Release|Any CPU = Release|Any CPU
	EndGlobalSection
	GlobalSection(ProjectConfigurationPlatforms) = postSolution
		{76FC7C60-9933-4BD2-90C0-6C2BF8D78F48}.Debug|Any CPU.ActiveCfg = Debug|Any CPU
		{76FC7C60-9933-4BD2-90C0-6C2BF8D78F48}.Debug|Any CPU.Build.0 = Debug|Any CPU
		{76FC7C60-9933-4BD2-90C0-6C2BF8D78F48}.Release|Any CPU.ActiveCfg = Release|Any CPU
		{76FC7C60-9933-4BD2-90C0-6C2BF8D78F48}.Release|Any CPU.Build.0 = Release|Any CPU
	EndGlobalSection
	GlobalSection(SolutionProperties) = preSolution
		HideSolutionNode = FALSE
	EndGlobalSection
	GlobalSection(ExtensibilityGlobals) = postSolution
		SolutionGuid = {40B38654-CCE8-41CC-8F8C-4AEA20794E23}
	EndGlobalSection
EndGlobal
